
Microsoft Visual Studio Solution File, Format Version 12.00
# Visual Studio 15
VisualStudioVersion = 15.0.27703.2042
MinimumVisualStudioVersion = 10.0.40219.1
Project("{FAE04EC0-301F-11D3-BF4B-00C04F79EFBC}") = "Kheper", "Kheper\Kheper.csproj", "{53CCBD3F-8518-4BF0-9304-92F900B18CDA}"
EndProject
Global
	GlobalSection(SolutionConfigurationPlatforms) = preSolution
		Debug|Any CPU = Debug|Any CPU
		Release|Any CPU = Release|Any CPU
	EndGlobalSection
	GlobalSection(ProjectConfigurationPlatforms) = postSolution
		{53CCBD3F-8518-4BF0-9304-92F900B18CDA}.Debug|Any CPU.ActiveCfg = Debug|Any CPU
		{53CCBD3F-8518-4BF0-9304-92F900B18CDA}.Debug|Any CPU.Build.0 = Debug|Any CPU
		{53CCBD3F-8518-4BF0-9304-92F900B18CDA}.Release|Any CPU.ActiveCfg = Release|Any CPU
		{53CCBD3F-8518-4BF0-9304-92F900B18CDA}.Release|Any CPU.Build.0 = Release|Any CPU
	EndGlobalSection
	GlobalSection(SolutionProperties) = preSolution
		HideSolutionNode = FALSE
	EndGlobalSection
	GlobalSection(ExtensibilityGlobals) = postSolution
		SolutionGuid = {826E1755-0853-464E-8762-89DB14AD1454}
	EndGlobalSection
EndGlobal
